
Microsoft Visual Studio Solution File, Format Version 12.00
# Visual Studio 2013
VisualStudioVersion = 12.0.40629.0
MinimumVisualStudioVersion = 10.0.40219.1
Project("{FAE04EC0-301F-11D3-BF4B-00C04F79EFBC}") = "CCTokenSystem", "CCTokenSystem\CCTokenSystem.csproj", "{CC3E1789-3DD1-4E37-9B80-2C5A659D5C04}"
EndProject
Project("{FAE04EC0-301F-11D3-BF4B-00C04F79EFBC}") = "CCTokenSystem.Tests", "CCTokenSystem.Tests\CCTokenSystem.Tests.csproj", "{AA1E8122-47B3-40AB-8FCB-7403351CEA12}"
EndProject
Global
	GlobalSection(SolutionConfigurationPlatforms) = preSolution
		Debug|Any CPU = Debug|Any CPU
		Release|Any CPU = Release|Any CPU
	EndGlobalSection
	GlobalSection(ProjectConfigurationPlatforms) = postSolution
		{CC3E1789-3DD1-4E37-9B80-2C5A659D5C04}.Debug|Any CPU.ActiveCfg = Debug|Any CPU
		{CC3E1789-3DD1-4E37-9B80-2C5A659D5C04}.Debug|Any CPU.Build.0 = Debug|Any CPU
		{CC3E1789-3DD1-4E37-9B80-2C5A659D5C04}.Release|Any CPU.ActiveCfg = Release|Any CPU
		{CC3E1789-3DD1-4E37-9B80-2C5A659D5C04}.Release|Any CPU.Build.0 = Release|Any CPU
		{AA1E8122-47B3-40AB-8FCB-7403351CEA12}.Debug|Any CPU.ActiveCfg = Debug|Any CPU
		{AA1E8122-47B3-40AB-8FCB-7403351CEA12}.Debug|Any CPU.Build.0 = Debug|Any CPU
		{AA1E8122-47B3-40AB-8FCB-7403351CEA12}.Release|Any CPU.ActiveCfg = Release|Any CPU
		{AA1E8122-47B3-40AB-8FCB-7403351CEA12}.Release|Any CPU.Build.0 = Release|Any CPU
	EndGlobalSection
	GlobalSection(SolutionProperties) = preSolution
		HideSolutionNode = FALSE
	EndGlobalSection
EndGlobal
