
Microsoft Visual Studio Solution File, Format Version 12.00
# Visual Studio 2013
VisualStudioVersion = 12.0.40629.0
MinimumVisualStudioVersion = 10.0.40219.1
Project("{CC5FD16D-436D-48AD-A40C-5A424C6E3E79}") = "myCloudService", "myCloudService\myCloudService.ccproj", "{1BED9DE9-57C8-493E-8435-659BBB2A736B}"
EndProject
Project("{FAE04EC0-301F-11D3-BF4B-00C04F79EFBC}") = "WebRole2", "WebRole2\WebRole2.csproj", "{1585A0DE-3C53-4868-8C54-C641A8E12252}"
EndProject
Global
	GlobalSection(SolutionConfigurationPlatforms) = preSolution
		Debug|Any CPU = Debug|Any CPU
		Release|Any CPU = Release|Any CPU
	EndGlobalSection
	GlobalSection(ProjectConfigurationPlatforms) = postSolution
		{1BED9DE9-57C8-493E-8435-659BBB2A736B}.Debug|Any CPU.ActiveCfg = Debug|Any CPU
		{1BED9DE9-57C8-493E-8435-659BBB2A736B}.Debug|Any CPU.Build.0 = Debug|Any CPU
		{1BED9DE9-57C8-493E-8435-659BBB2A736B}.Release|Any CPU.ActiveCfg = Release|Any CPU
		{1BED9DE9-57C8-493E-8435-659BBB2A736B}.Release|Any CPU.Build.0 = Release|Any CPU
		{1585A0DE-3C53-4868-8C54-C641A8E12252}.Debug|Any CPU.ActiveCfg = Debug|Any CPU
		{1585A0DE-3C53-4868-8C54-C641A8E12252}.Debug|Any CPU.Build.0 = Debug|Any CPU
		{1585A0DE-3C53-4868-8C54-C641A8E12252}.Release|Any CPU.ActiveCfg = Release|Any CPU
		{1585A0DE-3C53-4868-8C54-C641A8E12252}.Release|Any CPU.Build.0 = Release|Any CPU
	EndGlobalSection
	GlobalSection(SolutionProperties) = preSolution
		HideSolutionNode = FALSE
	EndGlobalSection
EndGlobal
